
Microsoft Visual Studio Solution File, Format Version 12.00
# Visual Studio Version 17
VisualStudioVersion = 17.5.33424.131
MinimumVisualStudioVersion = 10.0.40219.1
Project("{9A19103F-16F7-4668-BE54-9A1E7A4F7556}") = "TestCases", "TestCases\TestCases.csproj", "{49EFF625-6607-4AAD-9A43-C3BC7E1872EF}"
EndProject
Project("{FAE04EC0-301F-11D3-BF4B-00C04F79EFBC}") = "APITesting", "APITesting\APITesting.csproj", "{428A761A-DD2C-4446-9A96-DF40FE6A1C9A}"
EndProject
Global
	GlobalSection(SolutionConfigurationPlatforms) = preSolution
		Debug|Any CPU = Debug|Any CPU
		Release|Any CPU = Release|Any CPU
	EndGlobalSection
	GlobalSection(ProjectConfigurationPlatforms) = postSolution
		{49EFF625-6607-4AAD-9A43-C3BC7E1872EF}.Debug|Any CPU.ActiveCfg = Debug|Any CPU
		{49EFF625-6607-4AAD-9A43-C3BC7E1872EF}.Debug|Any CPU.Build.0 = Debug|Any CPU
		{49EFF625-6607-4AAD-9A43-C3BC7E1872EF}.Release|Any CPU.ActiveCfg = Release|Any CPU
		{49EFF625-6607-4AAD-9A43-C3BC7E1872EF}.Release|Any CPU.Build.0 = Release|Any CPU
		{428A761A-DD2C-4446-9A96-DF40FE6A1C9A}.Debug|Any CPU.ActiveCfg = Debug|Any CPU
		{428A761A-DD2C-4446-9A96-DF40FE6A1C9A}.Debug|Any CPU.Build.0 = Debug|Any CPU
		{428A761A-DD2C-4446-9A96-DF40FE6A1C9A}.Release|Any CPU.ActiveCfg = Release|Any CPU
		{428A761A-DD2C-4446-9A96-DF40FE6A1C9A}.Release|Any CPU.Build.0 = Release|Any CPU
	EndGlobalSection
	GlobalSection(SolutionProperties) = preSolution
		HideSolutionNode = FALSE
	EndGlobalSection
	GlobalSection(ExtensibilityGlobals) = postSolution
		SolutionGuid = {96E5A26C-5B37-4643-A619-61D1AFC7DB81}
	EndGlobalSection
EndGlobal
